lockfileVersion: 5.3

specifiers:
  cidr-tools: ^4.3.0
  fs-extra: ^10.1.0
  node-fetch: ^3.2.6

dependencies:
  cidr-tools: registry.npmmirror.com/cidr-tools/4.3.0
  fs-extra: registry.npmmirror.com/fs-extra/10.1.0
  node-fetch: registry.npmmirror.com/node-fetch/3.2.6

packages:

  registry.npmmirror.com/cidr-regex/3.1.1:
    resolution: {integrity: sha512-RBqYd32aDwbCMFJRL6wHOlDNYJsPNTt8vC82ErHF5vKt8QQzxm1FrkW8s/R5pVrXMf17sba09Uoy91PKiddAsw==, registry: http://registry.npm.taobao.org/, tarball: https://registry.npmmirror.com/cidr-regex/-/cidr-regex-3.1.1.tgz}
    name: cidr-regex
    version: 3.1.1
    engines: {node: '>=10'}
    dependencies:
      ip-regex: registry.npmmirror.com/ip-regex/4.3.0
    dev: false

  registry.npmmirror.com/cidr-tools/4.3.0:
    resolution: {integrity: sha512-Conidfn8svry8txRhW63SkaRMYJWJSvCT5kRCovIzlD0A3wzaV3gVFNxmAFJo5rxx3KHeYnJxCe7bUKFr1wxHA==, registry: http://registry.npm.taobao.org/, tarball: https://registry.npmmirror.com/cidr-tools/-/cidr-tools-4.3.0.tgz}
    name: cidr-tools
    version: 4.3.0
    engines: {node: '>=10'}
    dependencies:
      ip-address: registry.npmmirror.com/ip-address/8.1.0
      ip-cidr: registry.npmmirror.com/ip-cidr/3.0.10
      ipv6-normalize: registry.npmmirror.com/ipv6-normalize/1.0.1
      is-cidr: registry.npmmirror.com/is-cidr/4.0.2
      is-ip: registry.npmmirror.com/is-ip/3.1.0
      jsbn: registry.npmmirror.com/jsbn/1.1.0
      string-natural-compare: registry.npmmirror.com/string-natural-compare/3.0.1
    dev: false

  registry.npmmirror.com/data-uri-to-buffer/4.0.0:
    resolution: {integrity: sha512-Vr3mLBA8qWmcuschSLAOogKgQ/Jwxulv3RNE4FXnYWRGujzrRWQI4m12fQqRkwX06C0KanhLr4hK+GydchZsaA==, registry: http://registry.npm.taobao.org/, tarball: https://registry.npmmirror.com/data-uri-to-buffer/-/data-uri-to-buffer-4.0.0.tgz}
    name: data-uri-to-buffer
    version: 4.0.0
    engines: {node: '>= 12'}
    dev: false

  registry.npmmirror.com/fetch-blob/3.1.5:
    resolution: {integrity: sha512-N64ZpKqoLejlrwkIAnb9iLSA3Vx/kjgzpcDhygcqJ2KKjky8nCgUQ+dzXtbrLaWZGZNmNfQTsiQ0weZ1svglHg==, registry: http://registry.npm.taobao.org/, tarball: https://registry.npmmirror.com/fetch-blob/-/fetch-blob-3.1.5.tgz}
    name: fetch-blob
    version: 3.1.5
    engines: {node: ^12.20 || >= 14.13}
    dependencies:
      node-domexception: registry.npmmirror.com/node-domexception/1.0.0
      web-streams-polyfill: registry.npmmirror.com/web-streams-polyfill/3.2.1
    dev: false

  registry.npmmirror.com/formdata-polyfill/4.0.10:
    resolution: {integrity: sha512-buewHzMvYL29jdeQTVILecSaZKnt/RJWjoZCF5OW60Z67/GmSLBkOFM7qh1PI3zFNtJbaZL5eQu1vLfazOwj4g==, registry: http://registry.npm.taobao.org/, tarball: https://registry.npmmirror.com/formdata-polyfill/-/formdata-polyfill-4.0.10.tgz}
    name: formdata-polyfill
    version: 4.0.10
    engines: {node: '>=12.20.0'}
    dependencies:
      fetch-blob: registry.npmmirror.com/fetch-blob/3.1.5
    dev: false

  registry.npmmirror.com/fs-extra/10.1.0:
    resolution: {integrity: sha512-oRXApq54ETRj4eMiFzGnHWGy+zo5raudjuxN0b8H7s/RU2oW0Wvsx9O0ACRN/kRq9E8Vu/ReskGB5o3ji+FzHQ==, registry: http://registry.npm.taobao.org/, tarball: https://registry.npmmirror.com/fs-extra/-/fs-extra-10.1.0.tgz}
    name: fs-extra
    version: 10.1.0
    engines: {node: '>=12'}
    dependencies:
      graceful-fs: registry.npmmirror.com/graceful-fs/4.2.10
      jsonfile: registry.npmmirror.com/jsonfile/6.1.0
      universalify: registry.npmmirror.com/universalify/2.0.0
    dev: false

  registry.npmmirror.com/graceful-fs/4.2.10:
    resolution: {integrity: sha512-9ByhssR2fPVsNZj478qUUbKfmL0+t5BDVyjShtyZZLiK7ZDAArFFfopyOTj0M05wE2tJPisA4iTnnXl2YoPvOA==, registry: http://registry.npm.taobao.org/, tarball: https://registry.npmmirror.com/graceful-fs/-/graceful-fs-4.2.10.tgz}
    name: graceful-fs
    version: 4.2.10
    dev: false

  registry.npmmirror.com/ip-address/7.1.0:
    resolution: {integrity: sha512-V9pWC/VJf2lsXqP7IWJ+pe3P1/HCYGBMZrrnT62niLGjAfCbeiwXMUxaeHvnVlz19O27pvXP4azs+Pj/A0x+SQ==, registry: http://registry.npm.taobao.org/, tarball: https://registry.npmmirror.com/ip-address/-/ip-address-7.1.0.tgz}
    name: ip-address
    version: 7.1.0
    engines: {node: '>= 10'}
    dependencies:
      jsbn: registry.npmmirror.com/jsbn/1.1.0
      sprintf-js: registry.npmmirror.com/sprintf-js/1.1.2
    dev: false

  registry.npmmirror.com/ip-address/8.1.0:
    resolution: {integrity: sha512-Wz91gZKpNKoXtqvY8ScarKYwhXoK4r/b5QuT+uywe/azv0/nUCo7Bh0IRRI7F9DHR06kJNWtzMGLIbXavngbKA==, registry: http://registry.npm.taobao.org/, tarball: https://registry.npmmirror.com/ip-address/-/ip-address-8.1.0.tgz}
    name: ip-address
    version: 8.1.0
    engines: {node: '>= 12'}
    dependencies:
      jsbn: registry.npmmirror.com/jsbn/1.1.0
      sprintf-js: registry.npmmirror.com/sprintf-js/1.1.2
    dev: false

  registry.npmmirror.com/ip-cidr/3.0.10:
    resolution: {integrity: sha512-PXSsrRYirsuaCI1qBVyVXRLUIpNzxm76eHd3UvN5NXTMUG85GWGZpr6P+70mimc5e7Nfh/tShmjk0oSywErMWg==, registry: http://registry.npm.taobao.org/, tarball: https://registry.npmmirror.com/ip-cidr/-/ip-cidr-3.0.10.tgz}
    name: ip-cidr
    version: 3.0.10
    engines: {node: '>=10.0.0'}
    dependencies:
      ip-address: registry.npmmirror.com/ip-address/7.1.0
      jsbn: registry.npmmirror.com/jsbn/1.1.0
    dev: false

  registry.npmmirror.com/ip-regex/4.3.0:
    resolution: {integrity: sha512-B9ZWJxHHOHUhUjCPrMpLD4xEq35bUTClHM1S6CBU5ixQnkZmwipwgc96vAd7AAGM9TGHvJR+Uss+/Ak6UphK+Q==, registry: http://registry.npm.taobao.org/, tarball: https://registry.npmmirror.com/ip-regex/-/ip-regex-4.3.0.tgz}
    name: ip-regex
    version: 4.3.0
    engines: {node: '>=8'}
    dev: false

  registry.npmmirror.com/ipv6-normalize/1.0.1:
    resolution: {integrity: sha512-Bm6H79i01DjgGTCWjUuCjJ6QDo1HB96PT/xCYuyJUP9WFbVDrLSbG4EZCvOCun2rNswZb0c3e4Jt/ws795esHA==, registry: http://registry.npm.taobao.org/, tarball: https://registry.npmmirror.com/ipv6-normalize/-/ipv6-normalize-1.0.1.tgz}
    name: ipv6-normalize
    version: 1.0.1
    dev: false

  registry.npmmirror.com/is-cidr/4.0.2:
    resolution: {integrity: sha512-z4a1ENUajDbEl/Q6/pVBpTR1nBjjEE1X7qb7bmWYanNnPoKAvUCPFKeXV6Fe4mgTkWKBqiHIcwsI3SndiO5FeA==, registry: http://registry.npm.taobao.org/, tarball: https://registry.npmmirror.com/is-cidr/-/is-cidr-4.0.2.tgz}
    name: is-cidr
    version: 4.0.2
    engines: {node: '>=10'}
    dependencies:
      cidr-regex: registry.npmmirror.com/cidr-regex/3.1.1
    dev: false

  registry.npmmirror.com/is-ip/3.1.0:
    resolution: {integrity: sha512-35vd5necO7IitFPjd/YBeqwWnyDWbuLH9ZXQdMfDA8TEo7pv5X8yfrvVO3xbJbLUlERCMvf6X0hTUamQxCYJ9Q==, registry: http://registry.npm.taobao.org/, tarball: https://registry.npmmirror.com/is-ip/-/is-ip-3.1.0.tgz}
    name: is-ip
    version: 3.1.0
    engines: {node: '>=8'}
    dependencies:
      ip-regex: registry.npmmirror.com/ip-regex/4.3.0
    dev: false

  registry.npmmirror.com/jsbn/1.1.0:
    resolution: {integrity: sha512-4bYVV3aAMtDTTu4+xsDYa6sy9GyJ69/amsu9sYF2zqjiEoZA5xJi3BrfX3uY+/IekIu7MwdObdbDWpoZdBv3/A==, registry: http://registry.npm.taobao.org/, tarball: https://registry.npmmirror.com/jsbn/-/jsbn-1.1.0.tgz}
    name: jsbn
    version: 1.1.0
    dev: false

  registry.npmmirror.com/jsonfile/6.1.0:
    resolution: {integrity: sha512-5dgndWOriYSm5cnYaJNhalLNDKOqFwyDB/rr1E9ZsGciGvKPs8R2xYGCacuf3z6K1YKDz182fd+fY3cn3pMqXQ==, registry: http://registry.npm.taobao.org/, tarball: https://registry.npmmirror.com/jsonfile/-/jsonfile-6.1.0.tgz}
    name: jsonfile
    version: 6.1.0
    dependencies:
      universalify: registry.npmmirror.com/universalify/2.0.0
    optionalDependencies:
      graceful-fs: registry.npmmirror.com/graceful-fs/4.2.10
    dev: false

  registry.npmmirror.com/node-domexception/1.0.0:
    resolution: {integrity: sha512-/jKZoMpw0F8GRwl4/eLROPA3cfcXtLApP0QzLmUT/HuPCZWyB7IY9ZrMeKw2O/nFIqPQB3PVM9aYm0F312AXDQ==, registry: http://registry.npm.taobao.org/, tarball: https://registry.npmmirror.com/node-domexception/-/node-domexception-1.0.0.tgz}
    name: node-domexception
    version: 1.0.0
    engines: {node: '>=10.5.0'}
    dev: false

  registry.npmmirror.com/node-fetch/3.2.6:
    resolution: {integrity: sha512-LAy/HZnLADOVkVPubaxHDft29booGglPFDr2Hw0J1AercRh01UiVFm++KMDnJeH9sHgNB4hsXPii7Sgym/sTbw==, registry: http://registry.npm.taobao.org/, tarball: https://registry.npmmirror.com/node-fetch/-/node-fetch-3.2.6.tgz}
    name: node-fetch
    version: 3.2.6
    engines: {node: ^12.20.0 || ^14.13.1 || >=16.0.0}
    dependencies:
      data-uri-to-buffer: registry.npmmirror.com/data-uri-to-buffer/4.0.0
      fetch-blob: registry.npmmirror.com/fetch-blob/3.1.5
      formdata-polyfill: registry.npmmirror.com/formdata-polyfill/4.0.10
    dev: false

  registry.npmmirror.com/sprintf-js/1.1.2:
    resolution: {integrity: sha512-VE0SOVEHCk7Qc8ulkWw3ntAzXuqf7S2lvwQaDLRnUeIEaKNQJzV6BwmLKhOqT61aGhfUMrXeaBk+oDGCzvhcug==, registry: http://registry.npm.taobao.org/, tarball: https://registry.npmmirror.com/sprintf-js/-/sprintf-js-1.1.2.tgz}
    name: sprintf-js
    version: 1.1.2
    dev: false

  registry.npmmirror.com/string-natural-compare/3.0.1:
    resolution: {integrity: sha512-n3sPwynL1nwKi3WJ6AIsClwBMa0zTi54fn2oLU6ndfTSIO05xaznjSf15PcBZU6FNWbmN5Q6cxT4V5hGvB4taw==, registry: http://registry.npm.taobao.org/, tarball: https://registry.npmmirror.com/string-natural-compare/-/string-natural-compare-3.0.1.tgz}
    name: string-natural-compare
    version: 3.0.1
    dev: false

  registry.npmmirror.com/universalify/2.0.0:
    resolution: {integrity: sha512-hAZsKq7Yy11Zu1DE0OzWjw7nnLZmJZYTDZZyEFHZdUhV8FkH5MCfoU1XMaxXovpyW5nq5scPqq0ZDP9Zyl04oQ==, registry: http://registry.npm.taobao.org/, tarball: https://registry.npmmirror.com/universalify/-/universalify-2.0.0.tgz}
    name: universalify
    version: 2.0.0
    engines: {node: '>= 10.0.0'}
    dev: false

  registry.npmmirror.com/web-streams-polyfill/3.2.1:
    resolution: {integrity: sha512-e0MO3wdXWKrLbL0DgGnUV7WHVuw9OUvL4hjgnPkIeEvESk74gAITi5G606JtZPp39cd8HA9VQzCIvA49LpPN5Q==, registry: http://registry.npm.taobao.org/, tarball: https://registry.npmmirror.com/web-streams-polyfill/-/web-streams-polyfill-3.2.1.tgz}
    name: web-streams-polyfill
    version: 3.2.1
    engines: {node: '>= 8'}
    dev: false
